<?xml version="1.0" encoding="utf-8"?>
<Project ToolsVersion="4.0" xmlns="http://schemas.microsoft.com/developer/msbuild/2003">
  <ItemGroup>
    <Filter Include="Fichiers sources">
      <UniqueIdentifier>{4FC737F1-C7A5-4376-A066-2A32D752A2FF}</UniqueIdentifier>
      <Extensions>cpp;c;cc;cxx;c++;cppm;ixx;def;odl;idl;hpj;bat;asm;asmx</Extensions>
    </Filter>
    <Filter Include="Fichiers d%27en-tête">
      <UniqueIdentifier>{93995380-89BD-4b04-88EB-625FBE52EBFB}</UniqueIdentifier>
      <Extensions>h;hh;hpp;hxx;h++;hm;inl;inc;ipp;xsd</Extensions>
    </Filter>
    <Filter Include="Fichiers de ressources">
      <UniqueIdentifier>{67DA6AB6-F800-4c08-8B7A-83BB121AAD01}</UniqueIdentifier>
      <Extensions>rc;ico;cur;bmp;dlg;rc2;rct;bin;rgs;gif;jpg;jpeg;jpe;resx;tiff;tif;png;wav;mfcribbon-ms</Extensions>
    </Filter>
    <Filter Include="Fichiers sources\Command">
      <UniqueIdentifier>{09f18e0a-ba1f-4b2e-9289-54ba1abcd928}</UniqueIdentifier>
    </Filter>
    <Filter Include="Fichiers sources\Flyweight">
      <UniqueIdentifier>{e82040d0-a194-4dbf-887d-43e1f19607e5}</UniqueIdentifier>
    </Filter>
    <Filter Include="Fichiers sources\Observer">
      <UniqueIdentifier>{de7cbe6d-e872-41f6-8cf4-3c6f155ee68f}</UniqueIdentifier>
    </Filter>
    <Filter Include="Fichiers sources\Prototype">
      <UniqueIdentifier>{175498d0-6155-49d6-9a00-08f83fca6912}</UniqueIdentifier>
    </Filter>
    <Filter Include="Fichiers sources\Singleton">
      <UniqueIdentifier>{3116980d-f343-4cc7-be90-ffd8b90e0835}</UniqueIdentifier>
    </Filter>
    <Filter Include="Fichiers sources\State">
      <UniqueIdentifier>{03e1283c-694f-4c4a-ab13-d272d274894b}</UniqueIdentifier>
    </Filter>
    <Filter Include="Fichiers sources\DoubleBuffer">
      <UniqueIdentifier>{0092a441-c07b-4c6b-9beb-19303640d04f}</UniqueIdentifier>
    </Filter>
    <Filter Include="Fichiers sources\GameLoop">
      <UniqueIdentifier>{cccf1c51-2f83-40a4-b834-f262477027a4}</UniqueIdentifier>
    </Filter>
    <Filter Include="Fichiers sources\SubclassSandox">
      <UniqueIdentifier>{637a6924-5fcc-4a2c-9825-d37107b77aad}</UniqueIdentifier>
    </Filter>
    <Filter Include="Fichiers sources\TypeObject">
      <UniqueIdentifier>{40048e65-25ac-491a-a010-d298a0dd69bb}</UniqueIdentifier>
    </Filter>
  </ItemGroup>
  <ItemGroup>
    <ClCompile Include="Main.cpp">
      <Filter>Fichiers sources</Filter>
    </ClCompile>
    <ClCompile Include="Command.cpp">
      <Filter>Fichiers sources\Command</Filter>
    </ClCompile>
    <ClCompile Include="GameActor.cpp">
      <Filter>Fichiers sources\Command</Filter>
    </ClCompile>
    <ClCompile Include="InputHandler.cpp">
      <Filter>Fichiers sources\Command</Filter>
    </ClCompile>
    <ClCompile Include="Terrain.cpp">
      <Filter>Fichiers sources\Flyweight</Filter>
    </ClCompile>
    <ClCompile Include="World.cpp">
      <Filter>Fichiers sources\Flyweight</Filter>
    </ClCompile>
    <ClCompile Include="Subject.cpp">
      <Filter>Fichiers sources\Observer</Filter>
    </ClCompile>
    <ClCompile Include="ObserverClassExample.cpp">
      <Filter>Fichiers sources\Observer</Filter>
    </ClCompile>
    <ClCompile Include="SubjectClassExample.cpp">
      <Filter>Fichiers sources\Observer</Filter>
    </ClCompile>
    <ClCompile Include="Monster.cpp">
      <Filter>Fichiers sources\Prototype</Filter>
    </ClCompile>
    <ClCompile Include="Spawner.cpp">
      <Filter>Fichiers sources\Prototype</Filter>
    </ClCompile>
    <ClCompile Include="FileSystem.cpp">
      <Filter>Fichiers sources\Singleton</Filter>
    </ClCompile>
    <ClCompile Include="RandomClass.cpp">
      <Filter>Fichiers sources\Singleton</Filter>
    </ClCompile>
    <ClCompile Include="States.cpp">
      <Filter>Fichiers sources\State</Filter>
    </ClCompile>
    <ClCompile Include="PlayerCharacter.cpp">
      <Filter>Fichiers sources\State</Filter>
    </ClCompile>
    <ClCompile Include="Domino.cpp">
      <Filter>Fichiers sources\DoubleBuffer</Filter>
    </ClCompile>
    <ClCompile Include="GameLoop.cpp">
      <Filter>Fichiers sources\GameLoop</Filter>
    </ClCompile>
  </ItemGroup>
  <ItemGroup>
    <ClInclude Include="Command.h">
      <Filter>Fichiers sources\Command</Filter>
    </ClInclude>
    <ClInclude Include="GameActor.h">
      <Filter>Fichiers sources\Command</Filter>
    </ClInclude>
    <ClInclude Include="InputHandler.h">
      <Filter>Fichiers sources\Command</Filter>
    </ClInclude>
    <ClInclude Include="Terrain.h">
      <Filter>Fichiers sources\Flyweight</Filter>
    </ClInclude>
    <ClInclude Include="World.h">
      <Filter>Fichiers sources\Flyweight</Filter>
    </ClInclude>
    <ClInclude Include="Subject.h">
      <Filter>Fichiers sources\Observer</Filter>
    </ClInclude>
    <ClInclude Include="Observer.h">
      <Filter>Fichiers sources\Observer</Filter>
    </ClInclude>
    <ClInclude Include="ObserverClassExample.h">
      <Filter>Fichiers sources\Observer</Filter>
    </ClInclude>
    <ClInclude Include="SubjectClassExample.h">
      <Filter>Fichiers sources\Observer</Filter>
    </ClInclude>
    <ClInclude Include="Monster.h">
      <Filter>Fichiers sources\Prototype</Filter>
    </ClInclude>
    <ClInclude Include="Spawner.h">
      <Filter>Fichiers sources\Prototype</Filter>
    </ClInclude>
    <ClInclude Include="FileSystem.h">
      <Filter>Fichiers sources\Singleton</Filter>
    </ClInclude>
    <ClInclude Include="RandomClass.h">
      <Filter>Fichiers sources\Singleton</Filter>
    </ClInclude>
    <ClInclude Include="States.h">
      <Filter>Fichiers sources\State</Filter>
    </ClInclude>
    <ClInclude Include="PlayerCharacter.h">
      <Filter>Fichiers sources\State</Filter>
    </ClInclude>
    <ClInclude Include="Domino.h">
      <Filter>Fichiers sources\DoubleBuffer</Filter>
    </ClInclude>
    <ClInclude Include="GameLoop.h">
      <Filter>Fichiers sources\GameLoop</Filter>
    </ClInclude>
    <ClInclude Include="Superpower.h">
      <Filter>Fichiers sources\SubclassSandox</Filter>
    </ClInclude>
    <ClInclude Include="Enemy.h">
      <Filter>Fichiers sources\TypeObject</Filter>
    </ClInclude>
    <ClInclude Include="Breed.h">
      <Filter>Fichiers sources\TypeObject</Filter>
    </ClInclude>
  </ItemGroup>
</Project>